
Microsoft Visual Studio Solution File, Format Version 12.00
# Visual Studio Version 17
VisualStudioVersion = 17.14.36212.18
MinimumVisualStudioVersion = 10.0.40219.1
Project("{FAE04EC0-301F-11D3-BF4B-00C04F79EFBC}") = "S5_01_App_CS_GOAT", "S5_01_App_CS_GOAT\S5_01_App_CS_GOAT.csproj", "{5437B235-DBA2-4D17-95B6-455B3C97DD79}"
EndProject
Project("{FAE04EC0-301F-11D3-BF4B-00C04F79EFBC}") = "S5_01_Blazor_CS_GOAT", "S5_01_Blazor_CS_GOAT\S5_01_Blazor_CS_GOAT.csproj", "{5A4B0666-254C-42B8-B88E-3B069068A6F8}"
EndProject
Global
	GlobalSection(SolutionConfigurationPlatforms) = preSolution
		Debug|Any CPU = Debug|Any CPU
		Release|Any CPU = Release|Any CPU
	EndGlobalSection
	GlobalSection(ProjectConfigurationPlatforms) = postSolution
		{5437B235-DBA2-4D17-95B6-455B3C97DD79}.Debug|Any CPU.ActiveCfg = Debug|Any CPU
		{5437B235-DBA2-4D17-95B6-455B3C97DD79}.Debug|Any CPU.Build.0 = Debug|Any CPU
		{5437B235-DBA2-4D17-95B6-455B3C97DD79}.Release|Any CPU.ActiveCfg = Release|Any CPU
		{5437B235-DBA2-4D17-95B6-455B3C97DD79}.Release|Any CPU.Build.0 = Release|Any CPU
		{5A4B0666-254C-42B8-B88E-3B069068A6F8}.Debug|Any CPU.ActiveCfg = Debug|Any CPU
		{5A4B0666-254C-42B8-B88E-3B069068A6F8}.Debug|Any CPU.Build.0 = Debug|Any CPU
		{5A4B0666-254C-42B8-B88E-3B069068A6F8}.Release|Any CPU.ActiveCfg = Release|Any CPU
		{5A4B0666-254C-42B8-B88E-3B069068A6F8}.Release|Any CPU.Build.0 = Release|Any CPU
		{1C478A0C-0FB8-48F5-B803-45BF81D4E59B}.Debug|Any CPU.ActiveCfg = Debug|Any CPU
		{1C478A0C-0FB8-48F5-B803-45BF81D4E59B}.Debug|Any CPU.Build.0 = Debug|Any CPU
		{1C478A0C-0FB8-48F5-B803-45BF81D4E59B}.Release|Any CPU.ActiveCfg = Release|Any CPU
		{1C478A0C-0FB8-48F5-B803-45BF81D4E59B}.Release|Any CPU.Build.0 = Release|Any CPU
	EndGlobalSection
	GlobalSection(SolutionProperties) = preSolution
		HideSolutionNode = FALSE
	EndGlobalSection
	GlobalSection(ExtensibilityGlobals) = postSolution
		SolutionGuid = {288B1B6F-06A9-4F28-8379-5CFC3EB63A85}
	EndGlobalSection
EndGlobal
